version = 1
revision = 1
requires-python = ">=3.12"

[[package]]
name = "atomicwrites"
version = "1.4.1"
source = { registry = "https://pypi.org/simple" }
sdist = { url = "https://files.pythonhosted.org/packages/87/c6/53da25344e3e3a9c01095a89f16dbcda021c609ddb42dd6d7c0528236fb2/atomicwrites-1.4.1.tar.gz", hash = "sha256:81b2c9071a49367a7f770170e5eec8cb66567cfbbc8c73d20ce5ca4a8d71cf11", size = 14227 }

[[package]]
name = "attrs"
version = "25.1.0"
source = { registry = "https://pypi.org/simple" }
sdist = { url = "https://files.pythonhosted.org/packages/49/7c/fdf464bcc51d23881d110abd74b512a42b3d5d376a55a831b44c603ae17f/attrs-25.1.0.tar.gz", hash = "sha256:1c97078a80c814273a76b2a298a932eb681c87415c11dee0a6921de7f1b02c3e", size = 810562 }
wheels = [
    { url = "https://files.pythonhosted.org/packages/fc/30/d4986a882011f9df997a55e6becd864812ccfcd821d64aac8570ee39f719/attrs-25.1.0-py3-none-any.whl", hash = "sha256:c75a69e28a550a7e93789579c22aa26b0f5b83b75dc4e08fe092980051e1090a", size = 63152 },
]

[[package]]
name = "aws-cdk-asset-awscli-v1"
version = "2.2.224"
source = { registry = "https://pypi.org/simple" }
dependencies = [
    { name = "jsii" },
    { name = "publication" },
    { name = "typeguard" },
]
sdist = { url = "https://files.pythonhosted.org/packages/63/e7/897a46bf2b76ff6f4299c60052bddfd55fa967462b67fe3f5f4fff609399/aws_cdk_asset_awscli_v1-2.2.224.tar.gz", hash = "sha256:7ac8532c6638b812a87bd1be6ba713bd140582c6fe40fae7bbe03c1b1f499719", size = 17830444 }
wheels = [
    { url = "https://files.pythonhosted.org/packages/ef/43/b6352db123aedd2788bb677766942fffedbae9f207b2e5610afd6827a1b6/aws_cdk.asset_awscli_v1-2.2.224-py3-none-any.whl", hash = "sha256:715b179cf35fcc04578fc03c852512edc356a97f1b9e747779702192c7843efe", size = 17828897 },
]

[[package]]
name = "aws-cdk-asset-node-proxy-agent-v6"
version = "2.1.0"
source = { registry = "https://pypi.org/simple" }
dependencies = [
    { name = "jsii" },
    { name = "publication" },
    { name = "typeguard" },
]
sdist = { url = "https://files.pythonhosted.org/packages/d5/ab/09ac3ecc0067988d02398328e088d66cbe8555c991563c8ddfa1db5296ae/aws_cdk_asset_node_proxy_agent_v6-2.1.0.tar.gz", hash = "sha256:1f292c0631f86708ba4ee328b3a2b229f7e46ea1c79fbde567ee9eb119c2b0e2", size = 1540231 }
wheels = [
    { url = "https://files.pythonhosted.org/packages/8d/86/1817a6da223aa80aeb94a504f07f930170284694b18f6053729e9930cc6a/aws_cdk.asset_node_proxy_agent_v6-2.1.0-py3-none-any.whl", hash = "sha256:24a388b69a44d03bae6dbf864c4e25ba650d4b61c008b4568b94ffbb9a69e40e", size = 1538724 },
]

[[package]]
name = "aws-cdk-cloud-assembly-schema"
version = "39.2.20"
source = { registry = "https://pypi.org/simple" }
dependencies = [
    { name = "jsii" },
    { name = "publication" },
    { name = "typeguard" },
]
sdist = { url = "https://files.pythonhosted.org/packages/ac/a5/929cf149f9224c42cec11b835361d371faeaedfcac17453f2aeb02c5783a/aws_cdk_cloud_assembly_schema-39.2.20.tar.gz", hash = "sha256:e110b22f961d15c25a9099590375280c0b45637c8325ade9b570a0ef11e6e907", size = 188301 }
wheels = [
    { url = "https://files.pythonhosted.org/packages/54/62/8d34bd0750a2ad9e6d59548119c0230274c225b0a7d0340be1db8d831753/aws_cdk.cloud_assembly_schema-39.2.20-py3-none-any.whl", hash = "sha256:7b1ab0593fbfaac4ff0d5d0aa6a3b54185e0286f4aa68376557cac2d50c59183", size = 187292 },
]

[[package]]
name = "aws-cdk-lib"
version = "2.179.0"
source = { registry = "https://pypi.org/simple" }
dependencies = [
    { name = "aws-cdk-asset-awscli-v1" },
    { name = "aws-cdk-asset-node-proxy-agent-v6" },
    { name = "aws-cdk-cloud-assembly-schema" },
    { name = "constructs" },
    { name = "jsii" },
    { name = "publication" },
    { name = "typeguard" },
]
sdist = { url = "https://files.pythonhosted.org/packages/83/f9/949ed592eceef39fda2607c0241a68068e97634ea47b9a0c0c5724dbc7ac/aws_cdk_lib-2.179.0.tar.gz", hash = "sha256:b653a55754f4020a4b36e4ae183d213e76e27b18b842cbf9e430e9eccb700550", size = 39539885 }
wheels = [
    { url = "https://files.pythonhosted.org/packages/7f/1e/85da25c0abc63d426484d0bd3d2789200ffeabaab2d85750e13aaaa05029/aws_cdk_lib-2.179.0-py3-none-any.whl", hash = "sha256:1d7b88ee69067b8d58dac9eeb6697bbaf5d5c032a3070898389c41e7c4f3e3d7", size = 39820152 },
]

[[package]]
name = "aws-lambda-powertools"
version = "3.6.0"
source = { registry = "https://pypi.org/simple" }
dependencies = [
    { name = "jmespath" },
    { name = "typing-extensions" },
]
sdist = { url = "https://files.pythonhosted.org/packages/96/25/e31b0a5c1f2af1bb888298a24d0249ec3c5cb6dc3307709057c432781802/aws_lambda_powertools-3.6.0.tar.gz", hash = "sha256:78fa068b9ee21026f4214bd98031b6841f84ab0afb43e857d33bdf4f7592be48", size = 647830 }
wheels = [
    { url = "https://files.pythonhosted.org/packages/3c/9e/7023fa4d784be6e989334b30fb443e4804f5f7170e5ffd30fc787612f144/aws_lambda_powertools-3.6.0-py3-none-any.whl", hash = "sha256:46919c50340c6ecb285f9738f1091aa8368b467c322d8e8a1c0550fff2857e25", size = 768149 },
]

[[package]]
name = "cattrs"
version = "24.1.2"
source = { registry = "https://pypi.org/simple" }
dependencies = [
    { name = "attrs" },
]
sdist = { url = "https://files.pythonhosted.org/packages/64/65/af6d57da2cb32c076319b7489ae0958f746949d407109e3ccf4d115f147c/cattrs-24.1.2.tar.gz", hash = "sha256:8028cfe1ff5382df59dd36474a86e02d817b06eaf8af84555441bac915d2ef85", size = 426462 }
wheels = [
    { url = "https://files.pythonhosted.org/packages/c8/d5/867e75361fc45f6de75fe277dd085627a9db5ebb511a87f27dc1396b5351/cattrs-24.1.2-py3-none-any.whl", hash = "sha256:67c7495b760168d931a10233f979b28dc04daf853b30752246f4f8471c6d68d0", size = 66446 },
]

[[package]]
name = "cdk-nag"
version = "2.35.28"
source = { registry = "https://pypi.org/simple" }
dependencies = [
    { name = "aws-cdk-lib" },
    { name = "constructs" },
    { name = "jsii" },
    { name = "publication" },
    { name = "typeguard" },
]
sdist = { url = "https://files.pythonhosted.org/packages/8c/b4/8481e42e6ef0ff91a3030365e90fa41a118d62960f1009ec456227c47d79/cdk_nag-2.35.28.tar.gz", hash = "sha256:e4b4a6a856b114a4cb62fc46e0716a9f355e2bb113db8c9d0019a0c00912f72b", size = 733522 }
wheels = [
    { url = "https://files.pythonhosted.org/packages/50/4d/16e2ba5050547ffedd1d5a5987f07f1e24f9a109cc4d0b296ee259a75031/cdk_nag-2.35.28-py3-none-any.whl", hash = "sha256:5e0e069cd9e6fdba6f44b0385b8e4add034765a57f05e8651de06d0e26fe1f0e", size = 727283 },
]

[[package]]
name = "colorama"
version = "0.4.6"
source = { registry = "https://pypi.org/simple" }
sdist = { url = "https://files.pythonhosted.org/packages/d8/53/6f443c9a4a8358a93a6792e2acffb9d9d5cb0a5cfd8802644b7b1c9a02e4/colorama-0.4.6.tar.gz", hash = "sha256:08695f5cb7ed6e0531a20572697297273c47b8cae5a63ffc6d6ed5c201be6e44", size = 27697 }
wheels = [
    { url = "https://files.pythonhosted.org/packages/d1/d6/3965ed04c63042e047cb6a3e6ed1a63a35087b6a609aa3a15ed8ac56c221/colorama-0.4.6-py2.py3-none-any.whl", hash = "sha256:4f1d9991f5acc0ca119f9d443620b77f9d6b33703e51011c16baf57afb285fc6", size = 25335 },
]

[[package]]
name = "constructs"
version = "10.4.2"
source = { registry = "https://pypi.org/simple" }
dependencies = [
    { name = "jsii" },
    { name = "publication" },
    { name = "typeguard" },
]
sdist = { url = "https://files.pythonhosted.org/packages/46/84/f608a0a71a05a476b2f1761ab8f3f776677d39f7996ecf1092a1ce741a7c/constructs-10.4.2.tar.gz", hash = "sha256:ce54724360fffe10bab27d8a081844eb81f5ace7d7c62c84b719c49f164d5307", size = 65434 }
wheels = [
    { url = "https://files.pythonhosted.org/packages/f2/d9/c5e7458f323bf063a9a54200742f2494e2ce3c7c6873e0ff80f88033c75f/constructs-10.4.2-py3-none-any.whl", hash = "sha256:1f0f59b004edebfde0f826340698b8c34611f57848139b7954904c61645f13c1", size = 63509 },
]

[[package]]
name = "importlib-resources"
version = "6.5.2"
source = { registry = "https://pypi.org/simple" }
sdist = { url = "https://files.pythonhosted.org/packages/cf/8c/f834fbf984f691b4f7ff60f50b514cc3de5cc08abfc3295564dd89c5e2e7/importlib_resources-6.5.2.tar.gz", hash = "sha256:185f87adef5bcc288449d98fb4fba07cea78bc036455dd44c5fc4a2fe78fed2c", size = 44693 }
wheels = [
    { url = "https://files.pythonhosted.org/packages/a4/ed/1f1afb2e9e7f38a545d628f864d562a5ae64fe6f7a10e28ffb9b185b4e89/importlib_resources-6.5.2-py3-none-any.whl", hash = "sha256:789cfdc3ed28c78b67a06acb8126751ced69a3d5f79c095a98298cd8a760ccec", size = 37461 },
]

[[package]]
name = "iniconfig"
version = "2.0.0"
source = { registry = "https://pypi.org/simple" }
sdist = { url = "https://files.pythonhosted.org/packages/d7/4b/cbd8e699e64a6f16ca3a8220661b5f83792b3017d0f79807cb8708d33913/iniconfig-2.0.0.tar.gz", hash = "sha256:2d91e135bf72d31a410b17c16da610a82cb55f6b0477d1a902134b24a455b8b3", size = 4646 }
wheels = [
    { url = "https://files.pythonhosted.org/packages/ef/a6/62565a6e1cf69e10f5727360368e451d4b7f58beeac6173dc9db836a5b46/iniconfig-2.0.0-py3-none-any.whl", hash = "sha256:b6a85871a79d2e3b22d2d1b94ac2824226a63c6b741c88f7ae975f18b6778374", size = 5892 },
]

[[package]]
name = "jmespath"
version = "1.0.1"
source = { registry = "https://pypi.org/simple" }
sdist = { url = "https://files.pythonhosted.org/packages/00/2a/e867e8531cf3e36b41201936b7fa7ba7b5702dbef42922193f05c8976cd6/jmespath-1.0.1.tar.gz", hash = "sha256:90261b206d6defd58fdd5e85f478bf633a2901798906be2ad389150c5c60edbe", size = 25843 }
wheels = [
    { url = "https://files.pythonhosted.org/packages/31/b4/b9b800c45527aadd64d5b442f9b932b00648617eb5d63d2c7a6587b7cafc/jmespath-1.0.1-py3-none-any.whl", hash = "sha256:02e2e4cc71b5bcab88332eebf907519190dd9e6e82107fa7f83b1003a6252980", size = 20256 },
]

[[package]]
name = "jsii"
version = "1.107.0"
source = { registry = "https://pypi.org/simple" }
dependencies = [
    { name = "attrs" },
    { name = "cattrs" },
    { name = "importlib-resources" },
    { name = "publication" },
    { name = "python-dateutil" },
    { name = "typeguard" },
    { name = "typing-extensions" },
]
sdist = { url = "https://files.pythonhosted.org/packages/48/1e/be624de377269f28b116e0627c8418273c803d44576bbf426c60d00c8291/jsii-1.107.0.tar.gz", hash = "sha256:039ea4b0687ef2eafdded2df1184fef5e926c86316bd4851e3d32fab084b780b", size = 581667 }
wheels = [
    { url = "https://files.pythonhosted.org/packages/05/45/382c47be7475177822b51f441769911efa3e14668747f2e7c0d59e88f800/jsii-1.107.0-py3-none-any.whl", hash = "sha256:bd59b5aa5d27cd7979113ae8e4623e5386bf78adf81de375e29e915f502a1603", size = 558058 },
]

[[package]]
name = "packaging"
version = "24.2"
source = { registry = "https://pypi.org/simple" }
sdist = { url = "https://files.pythonhosted.org/packages/d0/63/68dbb6eb2de9cb10ee4c9c14a0148804425e13c4fb20d61cce69f53106da/packaging-24.2.tar.gz", hash = "sha256:c228a6dc5e932d346bc5739379109d49e8853dd8223571c7c5b55260edc0b97f", size = 163950 }
wheels = [
    { url = "https://files.pythonhosted.org/packages/88/ef/eb23f262cca3c0c4eb7ab1933c3b1f03d021f2c48f54763065b6f0e321be/packaging-24.2-py3-none-any.whl", hash = "sha256:09abb1bccd265c01f4a3aa3f7a7db064b36514d2cba19a2f694fe6150451a759", size = 65451 },
]

[[package]]
name = "pipeline-test"
version = "0.1.0"
source = { virtual = "." }
dependencies = [
    { name = "aws-cdk-lib" },
    { name = "cdk-nag" },
    { name = "constructs" },
    { name = "pyyaml" },
]

[package.dev-dependencies]
dev = [
    { name = "aws-lambda-powertools" },
    { name = "pytest" },
]

[package.metadata]
requires-dist = [
    { name = "aws-cdk-lib", specifier = "==2.179.0" },
    { name = "cdk-nag", specifier = ">=2.35.28" },
    { name = "constructs", specifier = ">=10.0.0,<11.0.0" },
    { name = "pyyaml", specifier = ">=6.0.2" },
]

[package.metadata.requires-dev]
dev = [
    { name = "aws-lambda-powertools", specifier = ">=3.6.0" },
    { name = "pytest", specifier = "==6.2.5" },
]

[[package]]
name = "pluggy"
version = "1.5.0"
source = { registry = "https://pypi.org/simple" }
sdist = { url = "https://files.pythonhosted.org/packages/96/2d/02d4312c973c6050a18b314a5ad0b3210edb65a906f868e31c111dede4a6/pluggy-1.5.0.tar.gz", hash = "sha256:2cffa88e94fdc978c4c574f15f9e59b7f4201d439195c3715ca9e2486f1d0cf1", size = 67955 }
wheels = [
    { url = "https://files.pythonhosted.org/packages/88/5f/e351af9a41f866ac3f1fac4ca0613908d9a41741cfcf2228f4ad853b697d/pluggy-1.5.0-py3-none-any.whl", hash = "sha256:44e1ad92c8ca002de6377e165f3e0f1be63266ab4d554740532335b9d75ea669", size = 20556 },
]

[[package]]
name = "publication"
version = "0.0.3"
source = { registry = "https://pypi.org/simple" }
sdist = { url = "https://files.pythonhosted.org/packages/6b/8e/8c9fe7e32fdf9c386f83d59610cc819a25dadb874b5920f2d0ef7d35f46d/publication-0.0.3.tar.gz", hash = "sha256:68416a0de76dddcdd2930d1c8ef853a743cc96c82416c4e4d3b5d901c6276dc4", size = 5484 }
wheels = [
    { url = "https://files.pythonhosted.org/packages/f8/d3/6308debad7afcdb3ea5f50b4b3d852f41eb566a311fbcb4da23755a28155/publication-0.0.3-py2.py3-none-any.whl", hash = "sha256:0248885351febc11d8a1098d5c8e3ab2dabcf3e8c0c96db1e17ecd12b53afbe6", size = 7687 },
]

[[package]]
name = "py"
version = "1.11.0"
source = { registry = "https://pypi.org/simple" }
sdist = { url = "https://files.pythonhosted.org/packages/98/ff/fec109ceb715d2a6b4c4a85a61af3b40c723a961e8828319fbcb15b868dc/py-1.11.0.tar.gz", hash = "sha256:51c75c4126074b472f746a24399ad32f6053d1b34b68d2fa41e558e6f4a98719", size = 207796 }
wheels = [
    { url = "https://files.pythonhosted.org/packages/f6/f0/10642828a8dfb741e5f3fbaac830550a518a775c7fff6f04a007259b0548/py-1.11.0-py2.py3-none-any.whl", hash = "sha256:607c53218732647dff4acdfcd50cb62615cedf612e72d1724fb1a0cc6405b378", size = 98708 },
]

[[package]]
name = "pytest"
version = "6.2.5"
source = { registry = "https://pypi.org/simple" }
dependencies = [
    { name = "atomicwrites", marker = "sys_platform == 'win32'" },
    { name = "attrs" },
    { name = "colorama", marker = "sys_platform == 'win32'" },
    { name = "iniconfig" },
    { name = "packaging" },
    { name = "pluggy" },
    { name = "py" },
    { name = "toml" },
]
sdist = { url = "https://files.pythonhosted.org/packages/4b/24/7d1f2d2537de114bdf1e6875115113ca80091520948d370c964b88070af2/pytest-6.2.5.tar.gz", hash = "sha256:131b36680866a76e6781d13f101efb86cf674ebb9762eb70d3082b6f29889e89", size = 1118720 }
wheels = [
    { url = "https://files.pythonhosted.org/packages/40/76/86f886e750b81a4357b6ed606b2bcf0ce6d6c27ad3c09ebf63ed674fc86e/pytest-6.2.5-py3-none-any.whl", hash = "sha256:7310f8d27bc79ced999e760ca304d69f6ba6c6649c0b60fb0e04a4a77cacc134", size = 280654 },
]

[[package]]
name = "python-dateutil"
version = "2.9.0.post0"
source = { registry = "https://pypi.org/simple" }
dependencies = [
    { name = "six" },
]
sdist = { url = "https://files.pythonhosted.org/packages/66/c0/0c8b6ad9f17a802ee498c46e004a0eb49bc148f2fd230864601a86dcf6db/python-dateutil-2.9.0.post0.tar.gz", hash = "sha256:37dd54208da7e1cd875388217d5e00ebd4179249f90fb72437e91a35459a0ad3", size = 342432 }
wheels = [
    { url = "https://files.pythonhosted.org/packages/ec/57/56b9bcc3c9c6a792fcbaf139543cee77261f3651ca9da0c93f5c1221264b/python_dateutil-2.9.0.post0-py2.py3-none-any.whl", hash = "sha256:a8b2bc7bffae282281c8140a97d3aa9c14da0b136dfe83f850eea9a5f7470427", size = 229892 },
]

[[package]]
name = "pyyaml"
version = "6.0.2"
source = { registry = "https://pypi.org/simple" }
sdist = { url = "https://files.pythonhosted.org/packages/54/ed/79a089b6be93607fa5cdaedf301d7dfb23af5f25c398d5ead2525b063e17/pyyaml-6.0.2.tar.gz", hash = "sha256:d584d9ec91ad65861cc08d42e834324ef890a082e591037abe114850ff7bbc3e", size = 130631 }
wheels = [
    { url = "https://files.pythonhosted.org/packages/86/0c/c581167fc46d6d6d7ddcfb8c843a4de25bdd27e4466938109ca68492292c/PyYAML-6.0.2-cp312-cp312-macosx_10_9_x86_64.whl", hash = "sha256:c70c95198c015b85feafc136515252a261a84561b7b1d51e3384e0655ddf25ab", size = 183873 },
    { url = "https://files.pythonhosted.org/packages/a8/0c/38374f5bb272c051e2a69281d71cba6fdb983413e6758b84482905e29a5d/PyYAML-6.0.2-cp312-cp312-macosx_11_0_arm64.whl", hash = "sha256:ce826d6ef20b1bc864f0a68340c8b3287705cae2f8b4b1d932177dcc76721725", size = 173302 },
    { url = "https://files.pythonhosted.org/packages/c3/93/9916574aa8c00aa06bbac729972eb1071d002b8e158bd0e83a3b9a20a1f7/PyYAML-6.0.2-cp312-cp312-manylinux_2_17_aarch64.manylinux2014_aarch64.whl", hash = "sha256:1f71ea527786de97d1a0cc0eacd1defc0985dcf6b3f17bb77dcfc8c34bec4dc5", size = 739154 },
    { url = "https://files.pythonhosted.org/packages/95/0f/b8938f1cbd09739c6da569d172531567dbcc9789e0029aa070856f123984/PyYAML-6.0.2-cp312-cp312-manylinux_2_17_s390x.manylinux2014_s390x.whl", hash = "sha256:9b22676e8097e9e22e36d6b7bda33190d0d400f345f23d4065d48f4ca7ae0425", size = 766223 },
    { url = "https://files.pythonhosted.org/packages/b9/2b/614b4752f2e127db5cc206abc23a8c19678e92b23c3db30fc86ab731d3bd/PyYAML-6.0.2-cp312-cp312-manylinux_2_17_x86_64.manylinux2014_x86_64.whl", hash = "sha256:80bab7bfc629882493af4aa31a4cfa43a4c57c83813253626916b8c7ada83476", size = 767542 },
    { url = "https://files.pythonhosted.org/packages/d4/00/dd137d5bcc7efea1836d6264f049359861cf548469d18da90cd8216cf05f/PyYAML-6.0.2-cp312-cp312-musllinux_1_1_aarch64.whl", hash = "sha256:0833f8694549e586547b576dcfaba4a6b55b9e96098b36cdc7ebefe667dfed48", size = 731164 },
    { url = "https://files.pythonhosted.org/packages/c9/1f/4f998c900485e5c0ef43838363ba4a9723ac0ad73a9dc42068b12aaba4e4/PyYAML-6.0.2-cp312-cp312-musllinux_1_1_x86_64.whl", hash = "sha256:8b9c7197f7cb2738065c481a0461e50ad02f18c78cd75775628afb4d7137fb3b", size = 756611 },
    { url = "https://files.pythonhosted.org/packages/df/d1/f5a275fdb252768b7a11ec63585bc38d0e87c9e05668a139fea92b80634c/PyYAML-6.0.2-cp312-cp312-win32.whl", hash = "sha256:ef6107725bd54b262d6dedcc2af448a266975032bc85ef0172c5f059da6325b4", size = 140591 },
    { url = "https://files.pythonhosted.org/packages/0c/e8/4f648c598b17c3d06e8753d7d13d57542b30d56e6c2dedf9c331ae56312e/PyYAML-6.0.2-cp312-cp312-win_amd64.whl", hash = "sha256:7e7401d0de89a9a855c839bc697c079a4af81cf878373abd7dc625847d25cbd8", size = 156338 },
    { url = "https://files.pythonhosted.org/packages/ef/e3/3af305b830494fa85d95f6d95ef7fa73f2ee1cc8ef5b495c7c3269fb835f/PyYAML-6.0.2-cp313-cp313-macosx_10_13_x86_64.whl", hash = "sha256:efdca5630322a10774e8e98e1af481aad470dd62c3170801852d752aa7a783ba", size = 181309 },
    { url = "https://files.pythonhosted.org/packages/45/9f/3b1c20a0b7a3200524eb0076cc027a970d320bd3a6592873c85c92a08731/PyYAML-6.0.2-cp313-cp313-macosx_11_0_arm64.whl", hash = "sha256:50187695423ffe49e2deacb8cd10510bc361faac997de9efef88badc3bb9e2d1", size = 171679 },
    { url = "https://files.pythonhosted.org/packages/7c/9a/337322f27005c33bcb656c655fa78325b730324c78620e8328ae28b64d0c/PyYAML-6.0.2-cp313-cp313-manylinux_2_17_aarch64.manylinux2014_aarch64.whl", hash = "sha256:0ffe8360bab4910ef1b9e87fb812d8bc0a308b0d0eef8c8f44e0254ab3b07133", size = 733428 },
    { url = "https://files.pythonhosted.org/packages/a3/69/864fbe19e6c18ea3cc196cbe5d392175b4cf3d5d0ac1403ec3f2d237ebb5/PyYAML-6.0.2-cp313-cp313-manylinux_2_17_s390x.manylinux2014_s390x.whl", hash = "sha256:17e311b6c678207928d649faa7cb0d7b4c26a0ba73d41e99c4fff6b6c3276484", size = 763361 },
    { url = "https://files.pythonhosted.org/packages/04/24/b7721e4845c2f162d26f50521b825fb061bc0a5afcf9a386840f23ea19fa/PyYAML-6.0.2-cp313-cp313-manylinux_2_17_x86_64.manylinux2014_x86_64.whl", hash = "sha256:70b189594dbe54f75ab3a1acec5f1e3faa7e8cf2f1e08d9b561cb41b845f69d5", size = 759523 },
    { url = "https://files.pythonhosted.org/packages/2b/b2/e3234f59ba06559c6ff63c4e10baea10e5e7df868092bf9ab40e5b9c56b6/PyYAML-6.0.2-cp313-cp313-musllinux_1_1_aarch64.whl", hash = "sha256:41e4e3953a79407c794916fa277a82531dd93aad34e29c2a514c2c0c5fe971cc", size = 726660 },
    { url = "https://files.pythonhosted.org/packages/fe/0f/25911a9f080464c59fab9027482f822b86bf0608957a5fcc6eaac85aa515/PyYAML-6.0.2-cp313-cp313-musllinux_1_1_x86_64.whl", hash = "sha256:68ccc6023a3400877818152ad9a1033e3db8625d899c72eacb5a668902e4d652", size = 751597 },
    { url = "https://files.pythonhosted.org/packages/14/0d/e2c3b43bbce3cf6bd97c840b46088a3031085179e596d4929729d8d68270/PyYAML-6.0.2-cp313-cp313-win32.whl", hash = "sha256:bc2fa7c6b47d6bc618dd7fb02ef6fdedb1090ec036abab80d4681424b84c1183", size = 140527 },
    { url = "https://files.pythonhosted.org/packages/fa/de/02b54f42487e3d3c6efb3f89428677074ca7bf43aae402517bc7cca949f3/PyYAML-6.0.2-cp313-cp313-win_amd64.whl", hash = "sha256:8388ee1976c416731879ac16da0aff3f63b286ffdd57cdeb95f3f2e085687563", size = 156446 },
]

[[package]]
name = "six"
version = "1.17.0"
source = { registry = "https://pypi.org/simple" }
sdist = { url = "https://files.pythonhosted.org/packages/94/e7/b2c673351809dca68a0e064b6af791aa332cf192da575fd474ed7d6f16a2/six-1.17.0.tar.gz", hash = "sha256:ff70335d468e7eb6ec65b95b99d3a2836546063f63acc5171de367e834932a81", size = 34031 }
wheels = [
    { url = "https://files.pythonhosted.org/packages/b7/ce/149a00dd41f10bc29e5921b496af8b574d8413afcd5e30dfa0ed46c2cc5e/six-1.17.0-py2.py3-none-any.whl", hash = "sha256:4721f391ed90541fddacab5acf947aa0d3dc7d27b2e1e8eda2be8970586c3274", size = 11050 },
]

[[package]]
name = "toml"
version = "0.10.2"
source = { registry = "https://pypi.org/simple" }
sdist = { url = "https://files.pythonhosted.org/packages/be/ba/1f744cdc819428fc6b5084ec34d9b30660f6f9daaf70eead706e3203ec3c/toml-0.10.2.tar.gz", hash = "sha256:b3bda1d108d5dd99f4a20d24d9c348e91c4db7ab1b749200bded2f839ccbe68f", size = 22253 }
wheels = [
    { url = "https://files.pythonhosted.org/packages/44/6f/7120676b6d73228c96e17f1f794d8ab046fc910d781c8d151120c3f1569e/toml-0.10.2-py2.py3-none-any.whl", hash = "sha256:806143ae5bfb6a3c6e736a764057db0e6a0e05e338b5630894a5f779cabb4f9b", size = 16588 },
]

[[package]]
name = "typeguard"
version = "2.13.3"
source = { registry = "https://pypi.org/simple" }
sdist = { url = "https://files.pythonhosted.org/packages/3a/38/c61bfcf62a7b572b5e9363a802ff92559cb427ee963048e1442e3aef7490/typeguard-2.13.3.tar.gz", hash = "sha256:00edaa8da3a133674796cf5ea87d9f4b4c367d77476e185e80251cc13dfbb8c4", size = 40604 }
wheels = [
    { url = "https://files.pythonhosted.org/packages/9a/bb/d43e5c75054e53efce310e79d63df0ac3f25e34c926be5dffb7d283fb2a8/typeguard-2.13.3-py3-none-any.whl", hash = "sha256:5e3e3be01e887e7eafae5af63d1f36c849aaa94e3a0112097312aabfa16284f1", size = 17605 },
]

[[package]]
name = "typing-extensions"
version = "4.12.2"
source = { registry = "https://pypi.org/simple" }
sdist = { url = "https://files.pythonhosted.org/packages/df/db/f35a00659bc03fec321ba8bce9420de607a1d37f8342eee1863174c69557/typing_extensions-4.12.2.tar.gz", hash = "sha256:1a7ead55c7e559dd4dee8856e3a88b41225abfe1ce8df57b7c13915fe121ffb8", size = 85321 }
wheels = [
    { url = "https://files.pythonhosted.org/packages/26/9f/ad63fc0248c5379346306f8668cda6e2e2e9c95e01216d2b8ffd9ff037d0/typing_extensions-4.12.2-py3-none-any.whl", hash = "sha256:04e5ca0351e0f3f85c6853954072df659d0d13fac324d0072316b67d7794700d", size = 37438 },
]
